
Microsoft Visual Studio Solution File, Format Version 12.00
# Visual Studio Version 17
VisualStudioVersion = 17.9.34728.123
MinimumVisualStudioVersion = 10.0.40219.1
Project("{FAE04EC0-301F-11D3-BF4B-00C04F79EFBC}") = "fibonacci_sequence", "fibonacci_sequence\fibonacci_sequence.csproj", "{482AA95D-64AE-44C6-9F60-DE3B85D9775C}"
EndProject
Global
	GlobalSection(SolutionConfigurationPlatforms) = preSolution
		Debug|Any CPU = Debug|Any CPU
		Release|Any CPU = Release|Any CPU
	EndGlobalSection
	GlobalSection(ProjectConfigurationPlatforms) = postSolution
		{482AA95D-64AE-44C6-9F60-DE3B85D9775C}.Debug|Any CPU.ActiveCfg = Debug|Any CPU
		{482AA95D-64AE-44C6-9F60-DE3B85D9775C}.Debug|Any CPU.Build.0 = Debug|Any CPU
		{482AA95D-64AE-44C6-9F60-DE3B85D9775C}.Release|Any CPU.ActiveCfg = Release|Any CPU
		{482AA95D-64AE-44C6-9F60-DE3B85D9775C}.Release|Any CPU.Build.0 = Release|Any CPU
	EndGlobalSection
	GlobalSection(SolutionProperties) = preSolution
		HideSolutionNode = FALSE
	EndGlobalSection
	GlobalSection(ExtensibilityGlobals) = postSolution
		SolutionGuid = {480AF902-FFFA-4726-814E-F5E02D024587}
	EndGlobalSection
EndGlobal
